PODS:
  - AFNetworking (4.0.1):
    - AFNetworking/NSURLSession (= 4.0.1)
    - AFNetworking/Reachability (= 4.0.1)
    - AFNetworking/Security (= 4.0.1)
    - AFNetworking/Serialization (= 4.0.1)
    - AFNetworking/UIKit (= 4.0.1)
  - AFNetworking/NSURLSession (4.0.1):
    - AFNetworking/Reachability
    - AFNetworking/Security
    - AFNetworking/Serialization
  - AFNetworking/Reachability (4.0.1)
  - AFNetworking/Security (4.0.1)
  - AFNetworking/Serialization (4.0.1)
  - AFNetworking/UIKit (4.0.1):
    - AFNetworking/NSURLSession
  - YLNetworkManager (0.1.1):
    - YLNetworkManager/Example (= 0.1.1)
    - YLNetworkManager/YLNetwork (= 0.1.1)
  - YLNetworkManager/Example (0.1.1):
    - YLNetworkManager/YLNetwork
  - YLNetworkManager/YLNetwork (0.1.1):
    - AFNetworking (~> 4.0.0)
    - YYCache (~> 1.0.4)
  - YYCache (1.0.4)

DEPENDENCIES:
  - AFNetworking (~> 4.0.0)
  - YLNetworkManager (from `../`)
  - YYCache (~> 1.0.4)

SPEC REPOS:
  trunk:
    - AFNetworking
    - YYCache

EXTERNAL SOURCES:
  YLNetworkManager:
    :path: "../"

SPEC CHECKSUMS:
  AFNetworking: 7864c38297c79aaca1500c33288e429c3451fdce
  YLNetworkManager: 4c3faa048fc7ae14e17e85b71efba00d3d72ee32
  YYCache: 8105b6638f5e849296c71f331ff83891a4942952

PODFILE CHECKSUM: e7843509f6d053beea259cc859cf14bbe4c97e88

COCOAPODS: 1.10.1
